
Microsoft Visual Studio Solution File, Format Version 12.00
# Visual Studio Version 17
VisualStudioVersion = 17.6.33723.286
MinimumVisualStudioVersion = 10.0.40219.1
Project("{FAE04EC0-301F-11D3-BF4B-00C04F79EFBC}") = "AzureFunctionCiCd", "AzureFunctionCiCd\AzureFunctionCiCd.csproj", "{8FDE57A7-BFB5-4DE3-ACBB-E197EEA5EA60}"
EndProject
Global
	GlobalSection(SolutionConfigurationPlatforms) = preSolution
		Debug|Any CPU = Debug|Any CPU
		Release|Any CPU = Release|Any CPU
	EndGlobalSection
	GlobalSection(ProjectConfigurationPlatforms) = postSolution
		{8FDE57A7-BFB5-4DE3-ACBB-E197EEA5EA60}.Debug|Any CPU.ActiveCfg = Debug|Any CPU
		{8FDE57A7-BFB5-4DE3-ACBB-E197EEA5EA60}.Debug|Any CPU.Build.0 = Debug|Any CPU
		{8FDE57A7-BFB5-4DE3-ACBB-E197EEA5EA60}.Release|Any CPU.ActiveCfg = Release|Any CPU
		{8FDE57A7-BFB5-4DE3-ACBB-E197EEA5EA60}.Release|Any CPU.Build.0 = Release|Any CPU
	EndGlobalSection
	GlobalSection(SolutionProperties) = preSolution
		HideSolutionNode = FALSE
	EndGlobalSection
	GlobalSection(ExtensibilityGlobals) = postSolution
		SolutionGuid = {F355539B-8913-486D-BF07-EE4E1142ED6C}
	EndGlobalSection
EndGlobal
